// !$*UTF8*$!
{
	archiveVersion = 1;
	classes = {
	};
	objectVersion = 46;
	objects = {

/* Begin PBXBuildFile section */
		19E0FBE91C59FBC800661960 /* AppDelegate.swift in Sources */ = {isa = PBXBuildFile; fileRef = 19E0FBE81C59FBC800661960 /* AppDelegate.swift */; };
		19E0FBEE1C59FBC800661960 /* Main.storyboard in Resources */ = {isa = PBXBuildFile; fileRef = 19E0FBEC1C59FBC800661960 /* Main.storyboard */; };
		19E0FBF01C59FBC800661960 /* Assets.xcassets in Resources */ = {isa = PBXBuildFile; fileRef = 19E0FBEF1C59FBC800661960 /* Assets.xcassets */; };
		19E0FBF31C59FBC800661960 /* LaunchScreen.storyboard in Resources */ = {isa = PBXBuildFile; fileRef = 19E0FBF11C59FBC800661960 /* LaunchScreen.storyboard */; };
		19E0FBFB1C59FC4700661960 /* FeedViewController.swift in Sources */ = {isa = PBXBuildFile; fileRef = 19E0FBFA1C59FC4700661960 /* FeedViewController.swift */; };
		19E0FBFD1C59FC8B00661960 /* PhotoCell.swift in Sources */ = {isa = PBXBuildFile; fileRef = 19E0FBFC1C59FC8B00661960 /* PhotoCell.swift */; };
		4A058C9C759990CCB6D52A00 /* Pods_InstagramLab.framework in Frameworks */ = {isa = PBXBuildFile; fileRef = E964B2A962DC817FBF10E5CD /* Pods_InstagramLab.framework */; };
/* End PBXBuildFile section */

/* Begin PBXFileReference section */
		19E0FBE51C59FBC800661960 /* InstagramLab.app */ = {isa = PBXFileReference; explicitFileType = wrapper.application; includeInIndex = 0; path = InstagramLab.app; sourceTree = BUILT_PRODUCTS_DIR; };
		19E0FBE81C59FBC800661960 /* AppDelegate.swift */ = {isa = PBXFileReference; lastKnownFileType = sourcecode.swift; path = AppDelegate.swift; sourceTree = "<group>"; };
		19E0FBED1C59FBC800661960 /* Base */ = {isa = PBXFileReference; lastKnownFileType = file.storyboard; name = Base; path = Base.lproj/Main.storyboard; sourceTree = "<group>"; };
		19E0FBEF1C59FBC800661960 /* Assets.xcassets */ = {isa = PBXFileReference; lastKnownFileType = folder.assetcatalog; path = Assets.xcassets; sourceTree = "<group>"; };
		19E0FBF21C59FBC800661960 /* Base */ = {isa = PBXFileReference; lastKnownFileType = file.storyboard; name = Base; path = Base.lproj/LaunchScreen.storyboard; sourceTree = "<group>"; };
		19E0FBF41C59FBC800661960 /* Info.plist */ = {isa = PBXFileReference; lastKnownFileType = text.plist.xml; path = Info.plist; sourceTree = "<group>"; };
		19E0FBFA1C59FC4700661960 /* FeedViewController.swift */ = {isa = PBXFileReference; fileEncoding = 4; lastKnownFileType = sourcecode.swift; path = FeedViewController.swift; sourceTree = "<group>"; };
		19E0FBFC1C59FC8B00661960 /* PhotoCell.swift */ = {isa = PBXFileReference; fileEncoding = 4; lastKnownFileType = sourcecode.swift; path = PhotoCell.swift; sourceTree = "<group>"; };
		36123C7F7E977283417A9BA5 /* Pods-InstagramLab.debug.xcconfig */ = {isa = PBXFileReference; includeInIndex = 1; lastKnownFileType = text.xcconfig; name = "Pods-InstagramLab.debug.xcconfig"; path = "Pods/Target Support Files/Pods-InstagramLab/Pods-InstagramLab.debug.xcconfig"; sourceTree = "<group>"; };
		E964B2A962DC817FBF10E5CD /* Pods_InstagramLab.framework */ = {isa = PBXFileReference; explicitFileType = wrapper.framework; includeInIndex = 0; path = Pods_InstagramLab.framework; sourceTree = BUILT_PRODUCTS_DIR; };
		FEFC3D024FAEE9FCD779FFF3 /* Pods-InstagramLab.release.xcconfig */ = {isa = PBXFileReference; includeInIndex = 1; lastKnownFileType = text.xcconfig; name = "Pods-InstagramLab.release.xcconfig"; path = "Pods/Target Support Files/Pods-InstagramLab/Pods-InstagramLab.release.xcconfig"; sourceTree = "<group>"; };
/* End PBXFileReference section */

/* Begin PBXFrameworksBuildPhase section */
		19E0FBE21C59FBC800661960 /* Frameworks */ = {
			isa = PBXFrameworksBuildPhase;
			buildActionMask = 2147483647;
			files = (
				4A058C9C759990CCB6D52A00 /* Pods_InstagramLab.framework in Frameworks */,
			);
			runOnlyForDeploymentPostprocessing = 0;
		};
/* End PBXFrameworksBuildPhase section */

/* Begin PBXGroup section */
		19E0FBDC1C59FBC800661960 = {
			isa = PBXGroup;
			children = (
				19E0FBE71C59FBC800661960 /* InstagramLab */,
				19E0FBE61C59FBC800661960 /* Products */,
				AF80DEB3C7C06AD098DDAD13 /* Pods */,
				27FFD760E0CCB5A05676CE3D /* Frameworks */,
			);
			sourceTree = "<group>";
		};
		19E0FBE61C59FBC800661960 /* Products */ = {
			isa = PBXGroup;
			children = (
				19E0FBE51C59FBC800661960 /* InstagramLab.app */,
			);
			name = Products;
			sourceTree = "<group>";
		};
		19E0FBE71C59FBC800661960 /* InstagramLab */ = {
			isa = PBXGroup;
			children = (
				19E0FBFE1C59FECC00661960 /* Controllers */,
				19E0FBFF1C59FED800661960 /* Views */,
				19E0FBE81C59FBC800661960 /* AppDelegate.swift */,
				19E0FBEC1C59FBC800661960 /* Main.storyboard */,
				19E0FBEF1C59FBC800661960 /* Assets.xcassets */,
				19E0FBF11C59FBC800661960 /* LaunchScreen.storyboard */,
				19E0FBF41C59FBC800661960 /* Info.plist */,
			);
			path = InstagramLab;
			sourceTree = "<group>";
		};
		19E0FBFE1C59FECC00661960 /* Controllers */ = {
			isa = PBXGroup;
			children = (
				19E0FBFA1C59FC4700661960 /* FeedViewController.swift */,
			);
			name = Controllers;
			sourceTree = "<group>";
		};
		19E0FBFF1C59FED800661960 /* Views */ = {
			isa = PBXGroup;
			children = (
				19E0FBFC1C59FC8B00661960 /* PhotoCell.swift */,
			);
			name = Views;
			sourceTree = "<group>";
		};
		27FFD760E0CCB5A05676CE3D /* Frameworks */ = {
			isa = PBXGroup;
			children = (
				E964B2A962DC817FBF10E5CD /* Pods_InstagramLab.framework */,
			);
			name = Frameworks;
			sourceTree = "<group>";
		};
		AF80DEB3C7C06AD098DDAD13 /* Pods */ = {
			isa = PBXGroup;
			children = (
				36123C7F7E977283417A9BA5 /* Pods-InstagramLab.debug.xcconfig */,
				FEFC3D024FAEE9FCD779FFF3 /* Pods-InstagramLab.release.xcconfig */,
			);
			name = Pods;
			sourceTree = "<group>";
		};
/* End PBXGroup section */

/* Begin PBXNativeTarget section */
		19E0FBE41C59FBC800661960 /* InstagramLab */ = {
			isa = PBXNativeTarget;
			buildConfigurationList = 19E0FBF71C59FBC800661960 /* Build configuration list for PBXNativeTarget "InstagramLab" */;
			buildPhases = (
				56D1248C75C692B8F2141900 /* Check Pods Manifest.lock */,
				19E0FBE11C59FBC800661960 /* Sources */,
				19E0FBE21C59FBC800661960 /* Frameworks */,
				19E0FBE31C59FBC800661960 /* Resources */,
				1FBF3E62A4572868A89C9624 /* Embed Pods Frameworks */,
				E1E33A0756E2D21EE5E6CBA3 /* Copy Pods Resources */,
			);
			buildRules = (
			);
			dependencies = (
			);
			name = InstagramLab;
			productName = InstagramLab;
			productReference = 19E0FBE51C59FBC800661960 /* InstagramLab.app */;
			productType = "com.apple.product-type.application";
		};
/* End PBXNativeTarget section */

/* Begin PBXProject section */
		19E0FBDD1C59FBC800661960 /* Project object */ = {
			isa = PBXProject;
			attributes = {
				LastSwiftUpdateCheck = 0720;
				LastUpgradeCheck = 0720;
				ORGANIZATIONNAME = "Jamel Peralta Coss";
				TargetAttributes = {
					19E0FBE41C59FBC800661960 = {
						CreatedOnToolsVersion = 7.2;
						DevelopmentTeam = B2BLV778EK;
					};
				};
			};
			buildConfigurationList = 19E0FBE01C59FBC800661960 /* Build configuration list for PBXProject "InstagramLab" */;
			compatibilityVersion = "Xcode 3.2";
			developmentRegion = English;
			hasScannedForEncodings = 0;
			knownRegions = (
				en,
				Base,
			);
			mainGroup = 19E0FBDC1C59FBC800661960;
			productRefGroup = 19E0FBE61C59FBC800661960 /* Products */;
			projectDirPath = "";
			projectRoot = "";
			targets = (
				19E0FBE41C59FBC800661960 /* InstagramLab */,
			);
		};
/* End PBXProject section */

/* Begin PBXResourcesBuildPhase section */
		19E0FBE31C59FBC800661960 /* Resources */ = {
			isa = PBXResourcesBuildPhase;
			buildActionMask = 2147483647;
			files = (
				19E0FBF31C59FBC800661960 /* LaunchScreen.storyboard in Resources */,
				19E0FBF01C59FBC800661960 /* Assets.xcassets in Resources */,
				19E0FBEE1C59FBC800661960 /* Main.storyboard in Resources */,
			);
			runOnlyForDeploymentPostprocessing = 0;
		};
/* End PBXResourcesBuildPhase section */

/* Begin PBXShellScriptBuildPhase section */
		1FBF3E62A4572868A89C9624 /* Embed Pods Frameworks */ = {
			isa = PBXShellScriptBuildPhase;
			buildActionMask = 2147483647;
			files = (
			);
			inputPaths = (
			);
			name = "Embed Pods Frameworks";
			outputPaths = (
			);
			runOnlyForDeploymentPostprocessing = 0;
			shellPath = /bin/sh;
			shellScript = "\"${SRCROOT}/Pods/Target Support Files/Pods-InstagramLab/Pods-InstagramLab-frameworks.sh\"\n";
			showEnvVarsInLog = 0;
		};
		56D1248C75C692B8F2141900 /* Check Pods Manifest.lock */ = {
			isa = PBXShellScriptBuildPhase;
			buildActionMask = 2147483647;
			files = (
			);
			inputPaths = (
			);
			name = "Check Pods Manifest.lock";
			outputPaths = (
			);
			runOnlyForDeploymentPostprocessing = 0;
			shellPath = /bin/sh;
			shellScript = "diff \"${PODS_ROOT}/../Podfile.lock\" \"${PODS_ROOT}/Manifest.lock\" > /dev/null\nif [[ $? != 0 ]] ; then\n    cat << EOM\nerror: The sandbox is not in sync with the Podfile.lock. Run 'pod install' or update your CocoaPods installation.\nEOM\n    exit 1\nfi\n";
			showEnvVarsInLog = 0;
		};
		E1E33A0756E2D21EE5E6CBA3 /* Copy Pods Resources */ = {
			isa = PBXShellScriptBuildPhase;
			buildActionMask = 2147483647;
			files = (
			);
			inputPaths = (
			);
			name = "Copy Pods Resources";
			outputPaths = (
			);
			runOnlyForDeploymentPostprocessing = 0;
			shellPath = /bin/sh;
			shellScript = "\"${SRCROOT}/Pods/Target Support Files/Pods-InstagramLab/Pods-InstagramLab-resources.sh\"\n";
			showEnvVarsInLog = 0;
		};
/* End PBXShellScriptBuildPhase section */

/* Begin PBXSourcesBuildPhase section */
		19E0FBE11C59FBC800661960 /* Sources */ = {
			isa = PBXSourcesBuildPhase;
			buildActionMask = 2147483647;
			files = (
				19E0FBFB1C59FC4700661960 /* FeedViewController.swift in Sources */,
				19E0FBFD1C59FC8B00661960 /* PhotoCell.swift in Sources */,
				19E0FBE91C59FBC800661960 /* AppDelegate.swift in Sources */,
			);
			runOnlyForDeploymentPostprocessing = 0;
		};
/* End PBXSourcesBuildPhase section */

/* Begin PBXVariantGroup section */
		19E0FBEC1C59FBC800661960 /* Main.storyboard */ = {
			isa = PBXVariantGroup;
			children = (
				19E0FBED1C59FBC800661960 /* Base */,
			);
			name = Main.storyboard;
			sourceTree = "<group>";
		};
		19E0FBF11C59FBC800661960 /* LaunchScreen.storyboard */ = {
			isa = PBXVariantGroup;
			children = (
				19E0FBF21C59FBC800661960 /* Base */,
			);
			name = LaunchScreen.storyboard;
			sourceTree = "<group>";
		};
/* End PBXVariantGroup section */

/* Begin XCBuildConfiguration section */
		19E0FBF51C59FBC800661960 /* Debug */ = {
			isa = XCBuildConfiguration;
			buildSettings = {
				ALWAYS_SEARCH_USER_PATHS = NO;
				CLANG_CXX_LANGUAGE_STANDARD = "gnu++0x";
				CLANG_CXX_LIBRARY = "libc++";
				CLANG_ENABLE_MODULES = YES;
				CLANG_ENABLE_OBJC_ARC = YES;
				CLANG_WARN_BOOL_CONVERSION = YES;
				CLANG_WARN_CONSTANT_CONVERSION = YES;
				CLANG_WARN_DIRECT_OBJC_ISA_USAGE = YES_ERROR;
				CLANG_WARN_EMPTY_BODY = YES;
				CLANG_WARN_ENUM_CONVERSION = YES;
				CLANG_WARN_INT_CONVERSION = YES;
				CLANG_WARN_OBJC_ROOT_CLASS = YES_ERROR;
				CLANG_WARN_UNREACHABLE_CODE = YES;
				CLANG_WARN__DUPLICATE_METHOD_MATCH = YES;
				"CODE_SIGN_IDENTITY[sdk=iphoneos*]" = "iPhone Developer";
				COPY_PHASE_STRIP = NO;
				DEBUG_INFORMATION_FORMAT = dwarf;
				ENABLE_STRICT_OBJC_MSGSEND = YES;
				ENABLE_TESTABILITY = YES;
				GCC_C_LANGUAGE_STANDARD = gnu99;
				GCC_DYNAMIC_NO_PIC = NO;
				GCC_NO_COMMON_BLOCKS = YES;
				GCC_OPTIMIZATION_LEVEL = 0;
				GCC_PREPROCESSOR_DEFINITIONS = (
					"DEBUG=1",
					"$(inherited)",
				);
				GCC_WARN_64_TO_32_BIT_CONVERSION = YES;
				GCC_WARN_ABOUT_RETURN_TYPE = YES_ERROR;
				GCC_WARN_UNDECLARED_SELECTOR = YES;
				GCC_WARN_UNINITIALIZED_AUTOS = YES_AGGRESSIVE;
				GCC_WARN_UNUSED_FUNCTION = YES;
				GCC_WARN_UNUSED_VARIABLE = YES;
				IPHONEOS_DEPLOYMENT_TARGET = 9.2;
				MTL_ENABLE_DEBUG_INFO = YES;
				ONLY_ACTIVE_ARCH = YES;
				SDKROOT = iphoneos;
				SWIFT_OPTIMIZATION_LEVEL = "-Onone";
				TARGETED_DEVICE_FAMILY = "1,2";
			};
			name = Debug;
		};
		19E0FBF61C59FBC800661960 /* Release */ = {
			isa = XCBuildConfiguration;
			buildSettings = {
				ALWAYS_SEARCH_USER_PATHS = NO;
				CLANG_CXX_LANGUAGE_STANDARD = "gnu++0x";
				CLANG_CXX_LIBRARY = "libc++";
				CLANG_ENABLE_MODULES = YES;
				CLANG_ENABLE_OBJC_ARC = YES;
				CLANG_WARN_BOOL_CONVERSION = YES;
				CLANG_WARN_CONSTANT_CONVERSION = YES;
				CLANG_WARN_DIRECT_OBJC_ISA_USAGE = YES_ERROR;
				CLANG_WARN_EMPTY_BODY = YES;
				CLANG_WARN_ENUM_CONVERSION = YES;
				CLANG_WARN_INT_CONVERSION = YES;
				CLANG_WARN_OBJC_ROOT_CLASS = YES_ERROR;
				CLANG_WARN_UNREACHABLE_CODE = YES;
				CLANG_WARN__DUPLICATE_METHOD_MATCH = YES;
				"CODE_SIGN_IDENTITY[sdk=iphoneos*]" = "iPhone Developer";
				COPY_PHASE_STRIP = NO;
				DEBUG_INFORMATION_FORMAT = "dwarf-with-dsym";
				ENABLE_NS_ASSERTIONS = NO;
				ENABLE_STRICT_OBJC_MSGSEND = YES;
				GCC_C_LANGUAGE_STANDARD = gnu99;
				GCC_NO_COMMON_BLOCKS = YES;
				GCC_WARN_64_TO_32_BIT_CONVERSION = YES;
				GCC_WARN_ABOUT_RETURN_TYPE = YES_ERROR;
				GCC_WARN_UNDECLARED_SELECTOR = YES;
				GCC_WARN_UNINITIALIZED_AUTOS = YES_AGGRESSIVE;
				GCC_WARN_UNUSED_FUNCTION = YES;
				GCC_WARN_UNUSED_VARIABLE = YES;
				IPHONEOS_DEPLOYMENT_TARGET = 9.2;
				MTL_ENABLE_DEBUG_INFO = NO;
				SDKROOT = iphoneos;
				TARGETED_DEVICE_FAMILY = "1,2";
				VALIDATE_PRODUCT = YES;
			};
			name = Release;
		};
		19E0FBF81C59FBC800661960 /* Debug */ = {
			isa = XCBuildConfiguration;
			baseConfigurationReference = 36123C7F7E977283417A9BA5 /* Pods-InstagramLab.debug.xcconfig */;
			buildSettings = {
				ASSETCATALOG_COMPILER_APPICON_NAME = AppIcon;
				INFOPLIST_FILE = InstagramLab/Info.plist;
				LD_RUNPATH_SEARCH_PATHS = "$(inherited) @executable_path/Frameworks";
				PRODUCT_BUNDLE_IDENTIFIER = codepath.InstagramLab;
				PRODUCT_NAME = "$(TARGET_NAME)";
			};
			name = Debug;
		};
		19E0FBF91C59FBC800661960 /* Release */ = {
			isa = XCBuildConfiguration;
			baseConfigurationReference = FEFC3D024FAEE9FCD779FFF3 /* Pods-InstagramLab.release.xcconfig */;
			buildSettings = {
				ASSETCATALOG_COMPILER_APPICON_NAME = AppIcon;
				INFOPLIST_FILE = InstagramLab/Info.plist;
				LD_RUNPATH_SEARCH_PATHS = "$(inherited) @executable_path/Frameworks";
				PRODUCT_BUNDLE_IDENTIFIER = codepath.InstagramLab;
				PRODUCT_NAME = "$(TARGET_NAME)";
			};
			name = Release;
		};
/* End XCBuildConfiguration section */

/* Begin XCConfigurationList section */
		19E0FBE01C59FBC800661960 /* Build configuration list for PBXProject "InstagramLab" */ = {
			isa = XCConfigurationList;
			buildConfigurations = (
				19E0FBF51C59FBC800661960 /* Debug */,
				19E0FBF61C59FBC800661960 /* Release */,
			);
			defaultConfigurationIsVisible = 0;
			defaultConfigurationName = Release;
		};
		19E0FBF71C59FBC800661960 /* Build configuration list for PBXNativeTarget "InstagramLab" */ = {
			isa = XCConfigurationList;
			buildConfigurations = (
				19E0FBF81C59FBC800661960 /* Debug */,
				19E0FBF91C59FBC800661960 /* Release */,
			);
			defaultConfigurationIsVisible = 0;
			defaultConfigurationName = Release;
		};
/* End XCConfigurationList section */
	};
	rootObject = 19E0FBDD1C59FBC800661960 /* Project object */;
}
